# This file was autogenerated by Stack.
# You should not edit this file by hand.
# For more information, please see the documentation at:
#   https://docs.haskellstack.org/en/stable/lock_files

packages:
- completed:
    hackage: type-equality-1@sha256:d36324583fbafc5698c3f898ccf7cf041cbf42435fc2559c28e8f77682739a8e,1517
    pantry-tree:
      size: 313
      sha256: a28a53db7adaaf0d9b39d2b678f3c6d5c8b08e42cb2b5d37156ce5e568c98707
  original:
    hackage: type-equality-1
- completed:
    hackage: polysemy-plugin-0.2.4.0@sha256:374813a8a6d3fb0a09524b959cbce604186c7055983f9ca08948778cd7bfa485,3083
    pantry-tree:
      size: 1232
      sha256: ae77b6a2c1df51a17ee2116166cc38b7ec258b6db112aa58c3935b7a02556f2e
  original:
    hackage: polysemy-plugin-0.2.4.0@sha256:374813a8a6d3fb0a09524b959cbce604186c7055983f9ca08948778cd7bfa485,3083
- completed:
    hackage: ghc-tcplugins-extra-0.3.2@sha256:1bbfd4449c3669a31618ea0ebc5d00d980a53988daad3b6218bab5c8cdff268d,1687
    pantry-tree:
      size: 331
      sha256: 4b16989344380c912e476dc232cc58264837b498e31a8bf16a17092ba6c1cfb9
  original:
    hackage: ghc-tcplugins-extra-0.3.2@sha256:1bbfd4449c3669a31618ea0ebc5d00d980a53988daad3b6218bab5c8cdff268d,1687
snapshots:
- completed:
    size: 492015
    url: https://raw.githubusercontent.com/commercialhaskell/stackage-snapshots/master/lts/15/8.yaml
    sha256: 926bc3d70249dd0ba05277ff00943c0addb35b627cb641752669e7cf771310d0
  original: lts-15.8
